
Microsoft Visual Studio Solution File, Format Version 12.00
# Visual Studio Version 17
VisualStudioVersion = 17.8.34330.188
MinimumVisualStudioVersion = 10.0.40219.1
Project("{8BC9CEB8-8B4A-11D0-8D11-00A0C91BC942}") = "Module8_2Task", "Module8_2Task.vcxproj", "{A120BC43-53ED-4F58-A72F-285EA5CB3DBC}"
EndProject
Global
	GlobalSection(SolutionConfigurationPlatforms) = preSolution
		Debug|x64 = Debug|x64
		Debug|x86 = Debug|x86
		Release|x64 = Release|x64
		Release|x86 = Release|x86
	EndGlobalSection
	GlobalSection(ProjectConfigurationPlatforms) = postSolution
		{A120BC43-53ED-4F58-A72F-285EA5CB3DBC}.Debug|x64.ActiveCfg = Debug|x64
		{A120BC43-53ED-4F58-A72F-285EA5CB3DBC}.Debug|x64.Build.0 = Debug|x64
		{A120BC43-53ED-4F58-A72F-285EA5CB3DBC}.Debug|x86.ActiveCfg = Debug|Win32
		{A120BC43-53ED-4F58-A72F-285EA5CB3DBC}.Debug|x86.Build.0 = Debug|Win32
		{A120BC43-53ED-4F58-A72F-285EA5CB3DBC}.Release|x64.ActiveCfg = Release|x64
		{A120BC43-53ED-4F58-A72F-285EA5CB3DBC}.Release|x64.Build.0 = Release|x64
		{A120BC43-53ED-4F58-A72F-285EA5CB3DBC}.Release|x86.ActiveCfg = Release|Win32
		{A120BC43-53ED-4F58-A72F-285EA5CB3DBC}.Release|x86.Build.0 = Release|Win32
	EndGlobalSection
	GlobalSection(SolutionProperties) = preSolution
		HideSolutionNode = FALSE
	EndGlobalSection
	GlobalSection(ExtensibilityGlobals) = postSolution
		SolutionGuid = {09A05EAE-D212-4F6B-A67C-7A579508E70B}
	EndGlobalSection
EndGlobal
